
Microsoft Visual Studio Solution File, Format Version 12.00
# Visual Studio Version 17
VisualStudioVersion = 17.7.34018.315
MinimumVisualStudioVersion = 10.0.40219.1
Project("{9A19103F-16F7-4668-BE54-9A1E7A4F7556}") = "Examples", "ConsoleApp2\Examples.csproj", "{B31AE82A-8C4E-41C0-8442-9A6781FE92F6}"
EndProject
Project("{9A19103F-16F7-4668-BE54-9A1E7A4F7556}") = "ExampleTests", "TestProject1\ExampleTests.csproj", "{8691CA9B-AEE3-4A43-A217-EDEAC7F83DC2}"
EndProject
Global
	GlobalSection(SolutionConfigurationPlatforms) = preSolution
		Debug|Any CPU = Debug|Any CPU
		Release|Any CPU = Release|Any CPU
	EndGlobalSection
	GlobalSection(ProjectConfigurationPlatforms) = postSolution
		{B31AE82A-8C4E-41C0-8442-9A6781FE92F6}.Debug|Any CPU.ActiveCfg = Debug|Any CPU
		{B31AE82A-8C4E-41C0-8442-9A6781FE92F6}.Debug|Any CPU.Build.0 = Debug|Any CPU
		{B31AE82A-8C4E-41C0-8442-9A6781FE92F6}.Release|Any CPU.ActiveCfg = Release|Any CPU
		{B31AE82A-8C4E-41C0-8442-9A6781FE92F6}.Release|Any CPU.Build.0 = Release|Any CPU
		{8691CA9B-AEE3-4A43-A217-EDEAC7F83DC2}.Debug|Any CPU.ActiveCfg = Debug|Any CPU
		{8691CA9B-AEE3-4A43-A217-EDEAC7F83DC2}.Debug|Any CPU.Build.0 = Debug|Any CPU
		{8691CA9B-AEE3-4A43-A217-EDEAC7F83DC2}.Release|Any CPU.ActiveCfg = Release|Any CPU
		{8691CA9B-AEE3-4A43-A217-EDEAC7F83DC2}.Release|Any CPU.Build.0 = Release|Any CPU
	EndGlobalSection
	GlobalSection(SolutionProperties) = preSolution
		HideSolutionNode = FALSE
	EndGlobalSection
	GlobalSection(ExtensibilityGlobals) = postSolution
		SolutionGuid = {208B8CFC-4B5B-4894-A5FC-2ABA001FA34F}
	EndGlobalSection
EndGlobal
